
Microsoft Visual Studio Solution File, Format Version 12.00
# Visual Studio Version 16
VisualStudioVersion = 16.0.30406.217
MinimumVisualStudioVersion = 10.0.40219.1
Project("{FAE04EC0-301F-11D3-BF4B-00C04F79EFBC}") = "MultiplicationConsole", "MultiplicationConsole\MultiplicationConsole.csproj", "{A5ADC0FC-AF27-4C7D-83CF-04048A317AF8}"
EndProject
Global
	GlobalSection(SolutionConfigurationPlatforms) = preSolution
		Debug|Any CPU = Debug|Any CPU
		Release|Any CPU = Release|Any CPU
	EndGlobalSection
	GlobalSection(ProjectConfigurationPlatforms) = postSolution
		{A5ADC0FC-AF27-4C7D-83CF-04048A317AF8}.Debug|Any CPU.ActiveCfg = Debug|Any CPU
		{A5ADC0FC-AF27-4C7D-83CF-04048A317AF8}.Debug|Any CPU.Build.0 = Debug|Any CPU
		{A5ADC0FC-AF27-4C7D-83CF-04048A317AF8}.Release|Any CPU.ActiveCfg = Release|Any CPU
		{A5ADC0FC-AF27-4C7D-83CF-04048A317AF8}.Release|Any CPU.Build.0 = Release|Any CPU
	EndGlobalSection
	GlobalSection(SolutionProperties) = preSolution
		HideSolutionNode = FALSE
	EndGlobalSection
	GlobalSection(ExtensibilityGlobals) = postSolution
		SolutionGuid = {B6EA0BF9-263F-413B-9B8B-CCB2D0B0061B}
	EndGlobalSection
EndGlobal
